// !$*UTF8*$!
{
	archiveVersion = 1;
	classes = {
	};
	objectVersion = 46;
	objects = {

/* Begin PBXBuildFile section */
		10B0F5ECD1D50747D507151A /* Pods_Tumblr.framework in Frameworks */ = {isa = PBXBuildFile; fileRef = B532499E2AB02C02ECFFD8A3 /* Pods_Tumblr.framework */; };
		39648A081E8CB22E00AB3C0E /* PhotoDetailsViewController.swift in Sources */ = {isa = PBXBuildFile; fileRef = 39648A071E8CB22E00AB3C0E /* PhotoDetailsViewController.swift */; };
		E938C0C11E8CA2920012ED19 /* AppDelegate.swift in Sources */ = {isa = PBXBuildFile; fileRef = E938C0C01E8CA2920012ED19 /* AppDelegate.swift */; };
		E938C0C61E8CA2920012ED19 /* Main.storyboard in Resources */ = {isa = PBXBuildFile; fileRef = E938C0C41E8CA2920012ED19 /* Main.storyboard */; };
		E938C0C81E8CA2920012ED19 /* Assets.xcassets in Resources */ = {isa = PBXBuildFile; fileRef = E938C0C71E8CA2920012ED19 /* Assets.xcassets */; };
		E938C0CB1E8CA2920012ED19 /* LaunchScreen.storyboard in Resources */ = {isa = PBXBuildFile; fileRef = E938C0C91E8CA2920012ED19 /* LaunchScreen.storyboard */; };
		E9C2143D1E8CACEB00EAE6B5 /* PhotoCell.swift in Sources */ = {isa = PBXBuildFile; fileRef = E9C2143C1E8CACEB00EAE6B5 /* PhotoCell.swift */; };
		E9FD14AF1E8CA85D00DFAE2D /* PhotosViewController.swift in Sources */ = {isa = PBXBuildFile; fileRef = E9FD14AE1E8CA85D00DFAE2D /* PhotosViewController.swift */; };
/* End PBXBuildFile section */

/* Begin PBXFileReference section */
		0FCE7D4334DC7136FF7D36E0 /* Pods-Tumblr.debug.xcconfig */ = {isa = PBXFileReference; includeInIndex = 1; lastKnownFileType = text.xcconfig; name = "Pods-Tumblr.debug.xcconfig"; path = "Pods/Target Support Files/Pods-Tumblr/Pods-Tumblr.debug.xcconfig"; sourceTree = "<group>"; };
		39648A071E8CB22E00AB3C0E /* PhotoDetailsViewController.swift */ = {isa = PBXFileReference; fileEncoding = 4; lastKnownFileType = sourcecode.swift; path = PhotoDetailsViewController.swift; sourceTree = "<group>"; };
		3B76DBF98849D4562C293A4E /* Pods-Tumblr.release.xcconfig */ = {isa = PBXFileReference; includeInIndex = 1; lastKnownFileType = text.xcconfig; name = "Pods-Tumblr.release.xcconfig"; path = "Pods/Target Support Files/Pods-Tumblr/Pods-Tumblr.release.xcconfig"; sourceTree = "<group>"; };
		B532499E2AB02C02ECFFD8A3 /* Pods_Tumblr.framework */ = {isa = PBXFileReference; explicitFileType = wrapper.framework; includeInIndex = 0; path = Pods_Tumblr.framework; sourceTree = BUILT_PRODUCTS_DIR; };
		E938C0BD1E8CA2920012ED19 /* Tumblr.app */ = {isa = PBXFileReference; explicitFileType = wrapper.application; includeInIndex = 0; path = Tumblr.app; sourceTree = BUILT_PRODUCTS_DIR; };
		E938C0C01E8CA2920012ED19 /* AppDelegate.swift */ = {isa = PBXFileReference; lastKnownFileType = sourcecode.swift; path = AppDelegate.swift; sourceTree = "<group>"; };
		E938C0C51E8CA2920012ED19 /* Base */ = {isa = PBXFileReference; lastKnownFileType = file.storyboard; name = Base; path = Base.lproj/Main.storyboard; sourceTree = "<group>"; };
		E938C0C71E8CA2920012ED19 /* Assets.xcassets */ = {isa = PBXFileReference; lastKnownFileType = folder.assetcatalog; path = Assets.xcassets; sourceTree = "<group>"; };
		E938C0CA1E8CA2920012ED19 /* Base */ = {isa = PBXFileReference; lastKnownFileType = file.storyboard; name = Base; path = Base.lproj/LaunchScreen.storyboard; sourceTree = "<group>"; };
		E938C0CC1E8CA2920012ED19 /* Info.plist */ = {isa = PBXFileReference; lastKnownFileType = text.plist.xml; path = Info.plist; sourceTree = "<group>"; };
		E9C2143C1E8CACEB00EAE6B5 /* PhotoCell.swift */ = {isa = PBXFileReference; fileEncoding = 4; lastKnownFileType = sourcecode.swift; path = PhotoCell.swift; sourceTree = "<group>"; };
		E9FD14AE1E8CA85D00DFAE2D /* PhotosViewController.swift */ = {isa = PBXFileReference; fileEncoding = 4; lastKnownFileType = sourcecode.swift; path = PhotosViewController.swift; sourceTree = "<group>"; };
/* End PBXFileReference section */

/* Begin PBXFrameworksBuildPhase section */
		E938C0BA1E8CA2920012ED19 /* Frameworks */ = {
			isa = PBXFrameworksBuildPhase;
			buildActionMask = 2147483647;
			files = (
				10B0F5ECD1D50747D507151A /* Pods_Tumblr.framework in Frameworks */,
			);
			runOnlyForDeploymentPostprocessing = 0;
		};
/* End PBXFrameworksBuildPhase section */

/* Begin PBXGroup section */
		2B4BAC67AF940B10A6B71941 /* Frameworks */ = {
			isa = PBXGroup;
			children = (
				B532499E2AB02C02ECFFD8A3 /* Pods_Tumblr.framework */,
			);
			name = Frameworks;
			sourceTree = "<group>";
		};
		E938C0B41E8CA2910012ED19 = {
			isa = PBXGroup;
			children = (
				E938C0BF1E8CA2920012ED19 /* Tumblr */,
				E938C0BE1E8CA2920012ED19 /* Products */,
				F951344B119FD0C75FB4982A /* Pods */,
				2B4BAC67AF940B10A6B71941 /* Frameworks */,
			);
			sourceTree = "<group>";
		};
		E938C0BE1E8CA2920012ED19 /* Products */ = {
			isa = PBXGroup;
			children = (
				E938C0BD1E8CA2920012ED19 /* Tumblr.app */,
			);
			name = Products;
			sourceTree = "<group>";
		};
		E938C0BF1E8CA2920012ED19 /* Tumblr */ = {
			isa = PBXGroup;
			children = (
				E938C0C01E8CA2920012ED19 /* AppDelegate.swift */,
				E9FD14AE1E8CA85D00DFAE2D /* PhotosViewController.swift */,
				39648A071E8CB22E00AB3C0E /* PhotoDetailsViewController.swift */,
				E9C2143C1E8CACEB00EAE6B5 /* PhotoCell.swift */,
				E938C0C41E8CA2920012ED19 /* Main.storyboard */,
				E938C0C71E8CA2920012ED19 /* Assets.xcassets */,
				E938C0C91E8CA2920012ED19 /* LaunchScreen.storyboard */,
				E938C0CC1E8CA2920012ED19 /* Info.plist */,
			);
			path = Tumblr;
			sourceTree = "<group>";
		};
		F951344B119FD0C75FB4982A /* Pods */ = {
			isa = PBXGroup;
			children = (
				0FCE7D4334DC7136FF7D36E0 /* Pods-Tumblr.debug.xcconfig */,
				3B76DBF98849D4562C293A4E /* Pods-Tumblr.release.xcconfig */,
			);
			name = Pods;
			sourceTree = "<group>";
		};
/* End PBXGroup section */

/* Begin PBXNativeTarget section */
		E938C0BC1E8CA2920012ED19 /* Tumblr */ = {
			isa = PBXNativeTarget;
			buildConfigurationList = E938C0CF1E8CA2920012ED19 /* Build configuration list for PBXNativeTarget "Tumblr" */;
			buildPhases = (
				6FE09FAD30352D4A81E0E014 /* [CP] Check Pods Manifest.lock */,
				E938C0B91E8CA2920012ED19 /* Sources */,
				E938C0BA1E8CA2920012ED19 /* Frameworks */,
				E938C0BB1E8CA2920012ED19 /* Resources */,
				F6DC6A0B0E39823976B6433A /* [CP] Embed Pods Frameworks */,
				7C4BEEA76FAD7848448C851E /* [CP] Copy Pods Resources */,
			);
			buildRules = (
			);
			dependencies = (
			);
			name = Tumblr;
			productName = Tumblr;
			productReference = E938C0BD1E8CA2920012ED19 /* Tumblr.app */;
			productType = "com.apple.product-type.application";
		};
/* End PBXNativeTarget section */

/* Begin PBXProject section */
		E938C0B51E8CA2910012ED19 /* Project object */ = {
			isa = PBXProject;
			attributes = {
				LastSwiftUpdateCheck = 0820;
				LastUpgradeCheck = 0820;
				ORGANIZATIONNAME = "DevFountain LLC";
				TargetAttributes = {
					E938C0BC1E8CA2920012ED19 = {
						CreatedOnToolsVersion = 8.2.1;
						ProvisioningStyle = Automatic;
					};
				};
			};
			buildConfigurationList = E938C0B81E8CA2920012ED19 /* Build configuration list for PBXProject "Tumblr" */;
			compatibilityVersion = "Xcode 3.2";
			developmentRegion = English;
			hasScannedForEncodings = 0;
			knownRegions = (
				en,
				Base,
			);
			mainGroup = E938C0B41E8CA2910012ED19;
			productRefGroup = E938C0BE1E8CA2920012ED19 /* Products */;
			projectDirPath = "";
			projectRoot = "";
			targets = (
				E938C0BC1E8CA2920012ED19 /* Tumblr */,
			);
		};
/* End PBXProject section */

/* Begin PBXResourcesBuildPhase section */
		E938C0BB1E8CA2920012ED19 /* Resources */ = {
			isa = PBXResourcesBuildPhase;
			buildActionMask = 2147483647;
			files = (
				E938C0CB1E8CA2920012ED19 /* LaunchScreen.storyboard in Resources */,
				E938C0C81E8CA2920012ED19 /* Assets.xcassets in Resources */,
				E938C0C61E8CA2920012ED19 /* Main.storyboard in Resources */,
			);
			runOnlyForDeploymentPostprocessing = 0;
		};
/* End PBXResourcesBuildPhase section */

/* Begin PBXShellScriptBuildPhase section */
		6FE09FAD30352D4A81E0E014 /* [CP] Check Pods Manifest.lock */ = {
			isa = PBXShellScriptBuildPhase;
			buildActionMask = 2147483647;
			files = (
			);
			inputPaths = (
			);
			name = "[CP] Check Pods Manifest.lock";
			outputPaths = (
			);
			runOnlyForDeploymentPostprocessing = 0;
			shellPath = /bin/sh;
			shellScript = "diff \"${PODS_ROOT}/../Podfile.lock\" \"${PODS_ROOT}/Manifest.lock\" > /dev/null\nif [ $? != 0 ] ; then\n    # print error to STDERR\n    echo \"error: The sandbox is not in sync with the Podfile.lock. Run 'pod install' or update your CocoaPods installation.\" >&2\n    exit 1\nfi\n";
			showEnvVarsInLog = 0;
		};
		7C4BEEA76FAD7848448C851E /* [CP] Copy Pods Resources */ = {
			isa = PBXShellScriptBuildPhase;
			buildActionMask = 2147483647;
			files = (
			);
			inputPaths = (
			);
			name = "[CP] Copy Pods Resources";
			outputPaths = (
			);
			runOnlyForDeploymentPostprocessing = 0;
			shellPath = /bin/sh;
			shellScript = "\"${SRCROOT}/Pods/Target Support Files/Pods-Tumblr/Pods-Tumblr-resources.sh\"\n";
			showEnvVarsInLog = 0;
		};
		F6DC6A0B0E39823976B6433A /* [CP] Embed Pods Frameworks */ = {
			isa = PBXShellScriptBuildPhase;
			buildActionMask = 2147483647;
			files = (
			);
			inputPaths = (
			);
			name = "[CP] Embed Pods Frameworks";
			outputPaths = (
			);
			runOnlyForDeploymentPostprocessing = 0;
			shellPath = /bin/sh;
			shellScript = "\"${SRCROOT}/Pods/Target Support Files/Pods-Tumblr/Pods-Tumblr-frameworks.sh\"\n";
			showEnvVarsInLog = 0;
		};
/* End PBXShellScriptBuildPhase section */

/* Begin PBXSourcesBuildPhase section */
		E938C0B91E8CA2920012ED19 /* Sources */ = {
			isa = PBXSourcesBuildPhase;
			buildActionMask = 2147483647;
			files = (
				39648A081E8CB22E00AB3C0E /* PhotoDetailsViewController.swift in Sources */,
				E938C0C11E8CA2920012ED19 /* AppDelegate.swift in Sources */,
				E9C2143D1E8CACEB00EAE6B5 /* PhotoCell.swift in Sources */,
				E9FD14AF1E8CA85D00DFAE2D /* PhotosViewController.swift in Sources */,
			);
			runOnlyForDeploymentPostprocessing = 0;
		};
/* End PBXSourcesBuildPhase section */

/* Begin PBXVariantGroup section */
		E938C0C41E8CA2920012ED19 /* Main.storyboard */ = {
			isa = PBXVariantGroup;
			children = (
				E938C0C51E8CA2920012ED19 /* Base */,
			);
			name = Main.storyboard;
			sourceTree = "<group>";
		};
		E938C0C91E8CA2920012ED19 /* LaunchScreen.storyboard */ = {
			isa = PBXVariantGroup;
			children = (
				E938C0CA1E8CA2920012ED19 /* Base */,
			);
			name = LaunchScreen.storyboard;
			sourceTree = "<group>";
		};
/* End PBXVariantGroup section */

/* Begin XCBuildConfiguration section */
		E938C0CD1E8CA2920012ED19 /* Debug */ = {
			isa = XCBuildConfiguration;
			buildSettings = {
				ALWAYS_SEARCH_USER_PATHS = NO;
				CLANG_ANALYZER_NONNULL = YES;
				CLANG_CXX_LANGUAGE_STANDARD = "gnu++0x";
				CLANG_CXX_LIBRARY = "libc++";
				CLANG_ENABLE_MODULES = YES;
				CLANG_ENABLE_OBJC_ARC = YES;
				CLANG_WARN_BOOL_CONVERSION = YES;
				CLANG_WARN_CONSTANT_CONVERSION = YES;
				CLANG_WARN_DIRECT_OBJC_ISA_USAGE = YES_ERROR;
				CLANG_WARN_DOCUMENTATION_COMMENTS = YES;
				CLANG_WARN_EMPTY_BODY = YES;
				CLANG_WARN_ENUM_CONVERSION = YES;
				CLANG_WARN_INFINITE_RECURSION = YES;
				CLANG_WARN_INT_CONVERSION = YES;
				CLANG_WARN_OBJC_ROOT_CLASS = YES_ERROR;
				CLANG_WARN_SUSPICIOUS_MOVE = YES;
				CLANG_WARN_UNREACHABLE_CODE = YES;
				CLANG_WARN__DUPLICATE_METHOD_MATCH = YES;
				"CODE_SIGN_IDENTITY[sdk=iphoneos*]" = "iPhone Developer";
				COPY_PHASE_STRIP = NO;
				DEBUG_INFORMATION_FORMAT = dwarf;
				ENABLE_STRICT_OBJC_MSGSEND = YES;
				ENABLE_TESTABILITY = YES;
				GCC_C_LANGUAGE_STANDARD = gnu99;
				GCC_DYNAMIC_NO_PIC = NO;
				GCC_NO_COMMON_BLOCKS = YES;
				GCC_OPTIMIZATION_LEVEL = 0;
				GCC_PREPROCESSOR_DEFINITIONS = (
					"DEBUG=1",
					"$(inherited)",
				);
				GCC_WARN_64_TO_32_BIT_CONVERSION = YES;
				GCC_WARN_ABOUT_RETURN_TYPE = YES_ERROR;
				GCC_WARN_UNDECLARED_SELECTOR = YES;
				GCC_WARN_UNINITIALIZED_AUTOS = YES_AGGRESSIVE;
				GCC_WARN_UNUSED_FUNCTION = YES;
				GCC_WARN_UNUSED_VARIABLE = YES;
				IPHONEOS_DEPLOYMENT_TARGET = 10.2;
				MTL_ENABLE_DEBUG_INFO = YES;
				ONLY_ACTIVE_ARCH = YES;
				SDKROOT = iphoneos;
				SWIFT_ACTIVE_COMPILATION_CONDITIONS = DEBUG;
				SWIFT_OPTIMIZATION_LEVEL = "-Onone";
				TARGETED_DEVICE_FAMILY = "1,2";
			};
			name = Debug;
		};
		E938C0CE1E8CA2920012ED19 /* Release */ = {
			isa = XCBuildConfiguration;
			buildSettings = {
				ALWAYS_SEARCH_USER_PATHS = NO;
				CLANG_ANALYZER_NONNULL = YES;
				CLANG_CXX_LANGUAGE_STANDARD = "gnu++0x";
				CLANG_CXX_LIBRARY = "libc++";
				CLANG_ENABLE_MODULES = YES;
				CLANG_ENABLE_OBJC_ARC = YES;
				CLANG_WARN_BOOL_CONVERSION = YES;
				CLANG_WARN_CONSTANT_CONVERSION = YES;
				CLANG_WARN_DIRECT_OBJC_ISA_USAGE = YES_ERROR;
				CLANG_WARN_DOCUMENTATION_COMMENTS = YES;
				CLANG_WARN_EMPTY_BODY = YES;
				CLANG_WARN_ENUM_CONVERSION = YES;
				CLANG_WARN_INFINITE_RECURSION = YES;
				CLANG_WARN_INT_CONVERSION = YES;
				CLANG_WARN_OBJC_ROOT_CLASS = YES_ERROR;
				CLANG_WARN_SUSPICIOUS_MOVE = YES;
				CLANG_WARN_UNREACHABLE_CODE = YES;
				CLANG_WARN__DUPLICATE_METHOD_MATCH = YES;
				"CODE_SIGN_IDENTITY[sdk=iphoneos*]" = "iPhone Developer";
				COPY_PHASE_STRIP = NO;
				DEBUG_INFORMATION_FORMAT = "dwarf-with-dsym";
				ENABLE_NS_ASSERTIONS = NO;
				ENABLE_STRICT_OBJC_MSGSEND = YES;
				GCC_C_LANGUAGE_STANDARD = gnu99;
				GCC_NO_COMMON_BLOCKS = YES;
				GCC_WARN_64_TO_32_BIT_CONVERSION = YES;
				GCC_WARN_ABOUT_RETURN_TYPE = YES_ERROR;
				GCC_WARN_UNDECLARED_SELECTOR = YES;
				GCC_WARN_UNINITIALIZED_AUTOS = YES_AGGRESSIVE;
				GCC_WARN_UNUSED_FUNCTION = YES;
				GCC_WARN_UNUSED_VARIABLE = YES;
				IPHONEOS_DEPLOYMENT_TARGET = 10.2;
				MTL_ENABLE_DEBUG_INFO = NO;
				SDKROOT = iphoneos;
				SWIFT_OPTIMIZATION_LEVEL = "-Owholemodule";
				TARGETED_DEVICE_FAMILY = "1,2";
				VALIDATE_PRODUCT = YES;
			};
			name = Release;
		};
		E938C0D01E8CA2920012ED19 /* Debug */ = {
			isa = XCBuildConfiguration;
			baseConfigurationReference = 0FCE7D4334DC7136FF7D36E0 /* Pods-Tumblr.debug.xcconfig */;
			buildSettings = {
				ASSETCATALOG_COMPILER_APPICON_NAME = AppIcon;
				DEVELOPMENT_TEAM = "";
				INFOPLIST_FILE = Tumblr/Info.plist;
				LD_RUNPATH_SEARCH_PATHS = "$(inherited) @executable_path/Frameworks";
				PRODUCT_BUNDLE_IDENTIFIER = com.devfountain.Tumblr;
				PRODUCT_NAME = "$(TARGET_NAME)";
				SWIFT_VERSION = 3.0;
			};
			name = Debug;
		};
		E938C0D11E8CA2920012ED19 /* Release */ = {
			isa = XCBuildConfiguration;
			baseConfigurationReference = 3B76DBF98849D4562C293A4E /* Pods-Tumblr.release.xcconfig */;
			buildSettings = {
				ASSETCATALOG_COMPILER_APPICON_NAME = AppIcon;
				DEVELOPMENT_TEAM = "";
				INFOPLIST_FILE = Tumblr/Info.plist;
				LD_RUNPATH_SEARCH_PATHS = "$(inherited) @executable_path/Frameworks";
				PRODUCT_BUNDLE_IDENTIFIER = com.devfountain.Tumblr;
				PRODUCT_NAME = "$(TARGET_NAME)";
				SWIFT_VERSION = 3.0;
			};
			name = Release;
		};
/* End XCBuildConfiguration section */

/* Begin XCConfigurationList section */
		E938C0B81E8CA2920012ED19 /* Build configuration list for PBXProject "Tumblr" */ = {
			isa = XCConfigurationList;
			buildConfigurations = (
				E938C0CD1E8CA2920012ED19 /* Debug */,
				E938C0CE1E8CA2920012ED19 /* Release */,
			);
			defaultConfigurationIsVisible = 0;
			defaultConfigurationName = Release;
		};
		E938C0CF1E8CA2920012ED19 /* Build configuration list for PBXNativeTarget "Tumblr" */ = {
			isa = XCConfigurationList;
			buildConfigurations = (
				E938C0D01E8CA2920012ED19 /* Debug */,
				E938C0D11E8CA2920012ED19 /* Release */,
			);
			defaultConfigurationIsVisible = 0;
			defaultConfigurationName = Release;
		};
/* End XCConfigurationList section */
	};
	rootObject = E938C0B51E8CA2910012ED19 /* Project object */;
}
